
Microsoft Visual Studio Solution File, Format Version 12.00
# Visual Studio Version 17
VisualStudioVersion = 17.5.002.0
MinimumVisualStudioVersion = 10.0.40219.1
Project("{9A19103F-16F7-4668-BE54-9A1E7A4F7556}") = "Proyecto2", "Proyecto2.csproj", "{341BDDE0-D89D-4286-9FE0-672F9DD7582E}"
EndProject
Global
	GlobalSection(SolutionConfigurationPlatforms) = preSolution
		Debug|Any CPU = Debug|Any CPU
		Release|Any CPU = Release|Any CPU
	EndGlobalSection
	GlobalSection(ProjectConfigurationPlatforms) = postSolution
		{341BDDE0-D89D-4286-9FE0-672F9DD7582E}.Debug|Any CPU.ActiveCfg = Debug|Any CPU
		{341BDDE0-D89D-4286-9FE0-672F9DD7582E}.Debug|Any CPU.Build.0 = Debug|Any CPU
		{341BDDE0-D89D-4286-9FE0-672F9DD7582E}.Release|Any CPU.ActiveCfg = Release|Any CPU
		{341BDDE0-D89D-4286-9FE0-672F9DD7582E}.Release|Any CPU.Build.0 = Release|Any CPU
	EndGlobalSection
	GlobalSection(SolutionProperties) = preSolution
		HideSolutionNode = FALSE
	EndGlobalSection
	GlobalSection(ExtensibilityGlobals) = postSolution
		SolutionGuid = {43F383AE-A08F-41E4-B60A-E4E0B242DEB0}
	EndGlobalSection
EndGlobal
